
Microsoft Visual Studio Solution File, Format Version 12.00
# Visual Studio Version 16
VisualStudioVersion = 16.0.31424.327
MinimumVisualStudioVersion = 10.0.40219.1
Project("{FAE04EC0-301F-11D3-BF4B-00C04F79EFBC}") = "Collections", "Collections\Collections.csproj", "{616A10D7-D97B-4936-8C14-4FBF2A175525}"
EndProject
Global
	GlobalSection(SolutionConfigurationPlatforms) = preSolution
		Debug|Any CPU = Debug|Any CPU
		Release|Any CPU = Release|Any CPU
	EndGlobalSection
	GlobalSection(ProjectConfigurationPlatforms) = postSolution
		{616A10D7-D97B-4936-8C14-4FBF2A175525}.Debug|Any CPU.ActiveCfg = Debug|Any CPU
		{616A10D7-D97B-4936-8C14-4FBF2A175525}.Debug|Any CPU.Build.0 = Debug|Any CPU
		{616A10D7-D97B-4936-8C14-4FBF2A175525}.Release|Any CPU.ActiveCfg = Release|Any CPU
		{616A10D7-D97B-4936-8C14-4FBF2A175525}.Release|Any CPU.Build.0 = Release|Any CPU
	EndGlobalSection
	GlobalSection(SolutionProperties) = preSolution
		HideSolutionNode = FALSE
	EndGlobalSection
	GlobalSection(ExtensibilityGlobals) = postSolution
		SolutionGuid = {E547761E-2C17-49BA-A812-796E4620E20E}
	EndGlobalSection
EndGlobal
